
Microsoft Visual Studio Solution File, Format Version 12.00
# Visual Studio Version 16
VisualStudioVersion = 16.0.30413.136
MinimumVisualStudioVersion = 10.0.40219.1
Project("{FAE04EC0-301F-11D3-BF4B-00C04F79EFBC}") = "Guarden0", "Guarden0\Guarden0.csproj", "{A9FBFCE5-55A3-44AF-8630-AD35FD5D3B09}"
EndProject
Global
	GlobalSection(SolutionConfigurationPlatforms) = preSolution
		Debug|Any CPU = Debug|Any CPU
		Release|Any CPU = Release|Any CPU
	EndGlobalSection
	GlobalSection(ProjectConfigurationPlatforms) = postSolution
		{A9FBFCE5-55A3-44AF-8630-AD35FD5D3B09}.Debug|Any CPU.ActiveCfg = Debug|Any CPU
		{A9FBFCE5-55A3-44AF-8630-AD35FD5D3B09}.Debug|Any CPU.Build.0 = Debug|Any CPU
		{A9FBFCE5-55A3-44AF-8630-AD35FD5D3B09}.Release|Any CPU.ActiveCfg = Release|Any CPU
		{A9FBFCE5-55A3-44AF-8630-AD35FD5D3B09}.Release|Any CPU.Build.0 = Release|Any CPU
	EndGlobalSection
	GlobalSection(SolutionProperties) = preSolution
		HideSolutionNode = FALSE
	EndGlobalSection
	GlobalSection(ExtensibilityGlobals) = postSolution
		SolutionGuid = {A91309E1-624A-4BE9-8508-07F21911D5ED}
	EndGlobalSection
EndGlobal
